{
  "name": "iZivi",
  "version": "0.1.0",
  "lockfileVersion": 1,
  "requires": true,
  "dependencies": {
    "hoist-non-inferno-statics": {
      "version": "1.1.3",
      "resolved": "https://registry.npmjs.org/hoist-non-inferno-statics/-/hoist-non-inferno-statics-1.1.3.tgz",
      "integrity": "sha1-fYcPQWC/tqWSabRcNDwCfw4wqzU="
    },
    "inferno-component": {
      "version": "3.7.0",
      "resolved": "https://registry.npmjs.org/inferno-component/-/inferno-component-3.7.0.tgz",
      "integrity": "sha512-5MZ8S/0fUzdQZlqLhwBi/xapP943sLBxDIwtD2daaEMONRl3o524NNif6dWGyyvlm1dukXtjzjQ5NV+dHu9FGQ==",
      "requires": {
        "inferno": "3.7.0",
        "inferno-shared": "3.7.0",
        "inferno-vnode-flags": "3.7.0"
      },
      "dependencies": {
        "inferno": {
          "version": "3.7.0",
          "resolved": "https://registry.npmjs.org/inferno/-/inferno-3.7.0.tgz",
          "integrity": "sha512-kXKUweLWVJqe2pY/VgAX6UzQ9H05LxAJq/BF/sucIRe2EO7mhP0cG+Ob6OCIK+m5G5y9TjbmoIrPL+o6jbU9FQ==",
          "requires": {
            "inferno-shared": "3.7.0",
            "inferno-vnode-flags": "3.7.0"
          }
        }
      }
    },
    "inferno-create-class": {
      "version": "3.7.0",
      "resolved": "https://registry.npmjs.org/inferno-create-class/-/inferno-create-class-3.7.0.tgz",
      "integrity": "sha512-jze3Jqk4+GABH/zoENbNviTe4UCSJf21pyFMWd9S7EI/nazm5XN8Cfm4zbOJoUaK0BtTWgkNAHFfPXPeAuCBjg==",
      "requires": {
        "inferno-component": "3.7.0",
        "inferno-shared": "3.7.0"
      }
    },
    "inferno-create-element": {
      "version": "3.7.0",
      "resolved": "https://registry.npmjs.org/inferno-create-element/-/inferno-create-element-3.7.0.tgz",
      "integrity": "sha512-EVufkla4op2N07GKhp2dHjLt/pyyHnOsZ1+A2LCEuPTA7znpo8CvrxNm6XeMfoU95VokwF6MbUAvXT0XUKvR7w==",
      "requires": {
        "inferno": "3.7.0",
        "inferno-component": "3.7.0",
        "inferno-shared": "3.7.0",
        "inferno-vnode-flags": "3.7.0"
      },
      "dependencies": {
        "inferno": {
          "version": "3.7.0",
          "resolved": "https://registry.npmjs.org/inferno/-/inferno-3.7.0.tgz",
          "integrity": "sha512-kXKUweLWVJqe2pY/VgAX6UzQ9H05LxAJq/BF/sucIRe2EO7mhP0cG+Ob6OCIK+m5G5y9TjbmoIrPL+o6jbU9FQ==",
          "requires": {
            "inferno-shared": "3.7.0",
            "inferno-vnode-flags": "3.7.0"
          }
        }
      }
    },
    "inferno-mobx": {
      "version": "3.7.0",
      "resolved": "https://registry.npmjs.org/inferno-mobx/-/inferno-mobx-3.7.0.tgz",
      "integrity": "sha512-ryFLZu8OMetwv/w4XMMJOck8PN7sNHdAoP+2eKAw90PCJNnpwMbi/C7WjeCKDbQ2A7kF4HLm283YbmPHJBwF/w==",
      "requires": {
        "hoist-non-inferno-statics": "1.1.3",
        "inferno": "3.7.0",
        "inferno-component": "3.7.0",
        "inferno-create-class": "3.7.0",
        "inferno-create-element": "3.7.0",
        "inferno-shared": "3.7.0",
        "mobx": "3.2.1"
      },
      "dependencies": {
        "inferno": {
          "version": "3.7.0",
          "resolved": "https://registry.npmjs.org/inferno/-/inferno-3.7.0.tgz",
          "integrity": "sha512-kXKUweLWVJqe2pY/VgAX6UzQ9H05LxAJq/BF/sucIRe2EO7mhP0cG+Ob6OCIK+m5G5y9TjbmoIrPL+o6jbU9FQ==",
          "requires": {
            "inferno-shared": "3.7.0",
            "inferno-vnode-flags": "3.7.0"
          }
        }
      }
    },
    "inferno-shared": {
      "version": "3.7.0",
      "resolved": "https://registry.npmjs.org/inferno-shared/-/inferno-shared-3.7.0.tgz",
      "integrity": "sha512-0ygE89WgNCylc3uXyq2CaVwNBMWA4EKmaOHTHFdfQVaWOj94UJwoYlGEkf+IH6rULq2DrKbr9utPjlKQ8n0Orw=="
    },
    "inferno-vnode-flags": {
      "version": "3.7.0",
      "resolved": "https://registry.npmjs.org/inferno-vnode-flags/-/inferno-vnode-flags-3.7.0.tgz",
      "integrity": "sha512-R+yuooxLDdVvtFnTxRoHq7PawOyzsPc4DJGX3ufviMUCMC5jWm7cvzPf/XDZ+u3xtOKpVmFZdLhubeeVnI2dIQ=="
    },
    "mobx": {
      "version": "3.2.1",
      "resolved": "https://registry.npmjs.org/mobx/-/mobx-3.2.1.tgz",
      "integrity": "sha1-aureASDMP3i6pXGVAxYwoK6PE88="
    }
  }
}
